
Microsoft Visual Studio Solution File, Format Version 12.00
# Visual Studio Version 17
VisualStudioVersion = 17.8.34601.278
MinimumVisualStudioVersion = 10.0.40219.1
Project("{FAE04EC0-301F-11D3-BF4B-00C04F79EFBC}") = "Vista", "Vista\Vista.csproj", "{C7209CD6-E5DA-4E91-ABDE-A1DA0E2A4448}"
EndProject
Project("{FAE04EC0-301F-11D3-BF4B-00C04F79EFBC}") = "Controladora", "Controladora\Controladora.csproj", "{77D2D9FB-B262-4E44-8295-75E3D0BE4C4D}"
EndProject
Project("{FAE04EC0-301F-11D3-BF4B-00C04F79EFBC}") = "Modelo", "Modelo\Modelo.csproj", "{61E7005F-2C05-4819-A80D-FD8762DC337E}"
EndProject
Project("{FAE04EC0-301F-11D3-BF4B-00C04F79EFBC}") = "Entidades", "Entidades\Entidades.csproj", "{87E62212-7B1B-4E3F-9D4B-7B19227D1F5F}"
EndProject
Global
	GlobalSection(SolutionConfigurationPlatforms) = preSolution
		Debug|Any CPU = Debug|Any CPU
		Release|Any CPU = Release|Any CPU
	EndGlobalSection
	GlobalSection(ProjectConfigurationPlatforms) = postSolution
		{C7209CD6-E5DA-4E91-ABDE-A1DA0E2A4448}.Debug|Any CPU.ActiveCfg = Debug|Any CPU
		{C7209CD6-E5DA-4E91-ABDE-A1DA0E2A4448}.Debug|Any CPU.Build.0 = Debug|Any CPU
		{C7209CD6-E5DA-4E91-ABDE-A1DA0E2A4448}.Release|Any CPU.ActiveCfg = Release|Any CPU
		{C7209CD6-E5DA-4E91-ABDE-A1DA0E2A4448}.Release|Any CPU.Build.0 = Release|Any CPU
		{77D2D9FB-B262-4E44-8295-75E3D0BE4C4D}.Debug|Any CPU.ActiveCfg = Debug|Any CPU
		{77D2D9FB-B262-4E44-8295-75E3D0BE4C4D}.Debug|Any CPU.Build.0 = Debug|Any CPU
		{77D2D9FB-B262-4E44-8295-75E3D0BE4C4D}.Release|Any CPU.ActiveCfg = Release|Any CPU
		{77D2D9FB-B262-4E44-8295-75E3D0BE4C4D}.Release|Any CPU.Build.0 = Release|Any CPU
		{61E7005F-2C05-4819-A80D-FD8762DC337E}.Debug|Any CPU.ActiveCfg = Debug|Any CPU
		{61E7005F-2C05-4819-A80D-FD8762DC337E}.Debug|Any CPU.Build.0 = Debug|Any CPU
		{61E7005F-2C05-4819-A80D-FD8762DC337E}.Release|Any CPU.ActiveCfg = Release|Any CPU
		{61E7005F-2C05-4819-A80D-FD8762DC337E}.Release|Any CPU.Build.0 = Release|Any CPU
		{87E62212-7B1B-4E3F-9D4B-7B19227D1F5F}.Debug|Any CPU.ActiveCfg = Debug|Any CPU
		{87E62212-7B1B-4E3F-9D4B-7B19227D1F5F}.Debug|Any CPU.Build.0 = Debug|Any CPU
		{87E62212-7B1B-4E3F-9D4B-7B19227D1F5F}.Release|Any CPU.ActiveCfg = Release|Any CPU
		{87E62212-7B1B-4E3F-9D4B-7B19227D1F5F}.Release|Any CPU.Build.0 = Release|Any CPU
	EndGlobalSection
	GlobalSection(SolutionProperties) = preSolution
		HideSolutionNode = FALSE
	EndGlobalSection
	GlobalSection(ExtensibilityGlobals) = postSolution
		SolutionGuid = {2FACF8EF-BABE-47A9-9399-CF29078F4009}
	EndGlobalSection
EndGlobal
